# @generated - this file is auto-generated by `mise lock` https://mise.jdx.dev/dev-tools/mise-lock.html

[[tools."aqua:Kitware/CMake"]]
version = "4.3.0"
backend = "aqua:Kitware/CMake"

[tools."aqua:Kitware/CMake"."platforms.linux-arm64"]
checksum = "sha256:26fe3011f497eb9398115dcabcc094685e634b1841f7c01dc01c5a89b8b0ea0d"
url = "https://github.com/Kitware/CMake/releases/download/v4.3.0/cmake-4.3.0-linux-aarch64.tar.gz"

[tools."aqua:Kitware/CMake"."platforms.linux-arm64-musl"]
checksum = "sha256:26fe3011f497eb9398115dcabcc094685e634b1841f7c01dc01c5a89b8b0ea0d"
url = "https://github.com/Kitware/CMake/releases/download/v4.3.0/cmake-4.3.0-linux-aarch64.tar.gz"

[tools."aqua:Kitware/CMake"."platforms.linux-x64"]
checksum = "sha256:201bdabe17a54e017f119cffa247648e9c44327e52473c2cc60a88fded94652a"
url = "https://github.com/Kitware/CMake/releases/download/v4.3.0/cmake-4.3.0-linux-x86_64.tar.gz"

[tools."aqua:Kitware/CMake"."platforms.linux-x64-musl"]
checksum = "sha256:201bdabe17a54e017f119cffa247648e9c44327e52473c2cc60a88fded94652a"
url = "https://github.com/Kitware/CMake/releases/download/v4.3.0/cmake-4.3.0-linux-x86_64.tar.gz"

[tools."aqua:Kitware/CMake"."platforms.macos-arm64"]
checksum = "sha256:5bd933daf6e9234a53a9a43092746993870d9f162b6c399fd6e4a05cdd475e67"
url = "https://github.com/Kitware/CMake/releases/download/v4.3.0/cmake-4.3.0-macos-universal.tar.gz"

[tools."aqua:Kitware/CMake"."platforms.macos-x64"]
checksum = "sha256:5bd933daf6e9234a53a9a43092746993870d9f162b6c399fd6e4a05cdd475e67"
url = "https://github.com/Kitware/CMake/releases/download/v4.3.0/cmake-4.3.0-macos-universal.tar.gz"

[tools."aqua:Kitware/CMake"."platforms.windows-x64"]
checksum = "sha256:0f664f44eeb5b35b77f83e0984459c0dfa70539bd215c54ae1059604fd4f77ea"
url = "https://github.com/Kitware/CMake/releases/download/v4.3.0/cmake-4.3.0-windows-x86_64.zip"

[[tools."cargo:cargo-aur"]]
version = "1.7.1"
backend = "cargo:cargo-aur"

[[tools."cargo:cargo-deb"]]
version = "3.6.3"
backend = "cargo:cargo-deb"

[[tools."cargo:cargo-rpm"]]
version = "0.8.0"
backend = "cargo:cargo-rpm"

[[tools."cargo:cross"]]
version = "0.2.5"
backend = "cargo:cross"

[[tools."cargo:grcov"]]
version = "0.10.7"
backend = "cargo:grcov"

[[tools."github:jgm/pandoc"]]
version = "3.9.0.2"
backend = "github:jgm/pandoc"

[tools."github:jgm/pandoc"."platforms.linux-arm64"]
checksum = "sha256:b6d21e8f9c3b15744f5a7ab40248019157ed7793875dbe0383d4c82ff572b528"
url = "https://github.com/jgm/pandoc/releases/download/3.9.0.2/pandoc-3.9.0.2-linux-arm64.tar.gz"
url_api = "https://api.github.com/repos/jgm/pandoc/releases/assets/377165670"

[tools."github:jgm/pandoc"."platforms.linux-arm64-musl"]
checksum = "sha256:b6d21e8f9c3b15744f5a7ab40248019157ed7793875dbe0383d4c82ff572b528"
url = "https://github.com/jgm/pandoc/releases/download/3.9.0.2/pandoc-3.9.0.2-linux-arm64.tar.gz"
url_api = "https://api.github.com/repos/jgm/pandoc/releases/assets/377165670"

[tools."github:jgm/pandoc"."platforms.linux-x64"]
checksum = "sha256:a69abfababda8a56969a254b09f9553a7be89ddec00d4e0fe9fd585d71a67508"
url = "https://github.com/jgm/pandoc/releases/download/3.9.0.2/pandoc-3.9.0.2-linux-amd64.tar.gz"
url_api = "https://api.github.com/repos/jgm/pandoc/releases/assets/377165366"

[tools."github:jgm/pandoc"."platforms.linux-x64-musl"]
checksum = "sha256:a69abfababda8a56969a254b09f9553a7be89ddec00d4e0fe9fd585d71a67508"
url = "https://github.com/jgm/pandoc/releases/download/3.9.0.2/pandoc-3.9.0.2-linux-amd64.tar.gz"
url_api = "https://api.github.com/repos/jgm/pandoc/releases/assets/377165366"

[tools."github:jgm/pandoc"."platforms.macos-arm64"]
checksum = "sha256:6e9eca844076bcbb599bbeebbba78a70f93b5307782b85c2c272872812c88875"
url = "https://github.com/jgm/pandoc/releases/download/3.9.0.2/pandoc-3.9.0.2-arm64-macOS.zip"
url_api = "https://api.github.com/repos/jgm/pandoc/releases/assets/377165034"

[tools."github:jgm/pandoc"."platforms.macos-x64"]
checksum = "sha256:b9fbceabccbc8f34ac021a50483fc32f8160568d0b4b2c22d81bb29e3054fd82"
url = "https://github.com/jgm/pandoc/releases/download/3.9.0.2/pandoc-3.9.0.2-x86_64-macOS.zip"
url_api = "https://api.github.com/repos/jgm/pandoc/releases/assets/377167038"

[tools."github:jgm/pandoc"."platforms.windows-x64"]
checksum = "sha256:c97542f2800f446e788d9f74237856d995421ad1bb3cc8324286840c5f272d3a"
url = "https://github.com/jgm/pandoc/releases/download/3.9.0.2/pandoc-3.9.0.2-windows-x86_64.zip"
url_api = "https://api.github.com/repos/jgm/pandoc/releases/assets/377166311"

[[tools.rust]]
version = "1.94.0"
backend = "core:rust"

[[tools.uv]]
version = "0.10.12"
backend = "aqua:astral-sh/uv"
