# @generated - this file is auto-generated by `mise lock` https://mise.jdx.dev/dev-tools/mise-lock.html

[[tools."aqua:Kitware/CMake"]]
version = "4.3.0"
backend = "aqua:Kitware/CMake"

[tools."aqua:Kitware/CMake"."platforms.linux-arm64"]
checksum = "sha256:26fe3011f497eb9398115dcabcc094685e634b1841f7c01dc01c5a89b8b0ea0d"
url = "https://github.com/Kitware/CMake/releases/download/v4.3.0/cmake-4.3.0-linux-aarch64.tar.gz"

[tools."aqua:Kitware/CMake"."platforms.linux-arm64-musl"]
checksum = "sha256:26fe3011f497eb9398115dcabcc094685e634b1841f7c01dc01c5a89b8b0ea0d"
url = "https://github.com/Kitware/CMake/releases/download/v4.3.0/cmake-4.3.0-linux-aarch64.tar.gz"

[tools."aqua:Kitware/CMake"."platforms.linux-x64"]
checksum = "sha256:201bdabe17a54e017f119cffa247648e9c44327e52473c2cc60a88fded94652a"
url = "https://github.com/Kitware/CMake/releases/download/v4.3.0/cmake-4.3.0-linux-x86_64.tar.gz"

[tools."aqua:Kitware/CMake"."platforms.linux-x64-musl"]
checksum = "sha256:201bdabe17a54e017f119cffa247648e9c44327e52473c2cc60a88fded94652a"
url = "https://github.com/Kitware/CMake/releases/download/v4.3.0/cmake-4.3.0-linux-x86_64.tar.gz"

[tools."aqua:Kitware/CMake"."platforms.macos-arm64"]
checksum = "sha256:5bd933daf6e9234a53a9a43092746993870d9f162b6c399fd6e4a05cdd475e67"
url = "https://github.com/Kitware/CMake/releases/download/v4.3.0/cmake-4.3.0-macos-universal.tar.gz"

[tools."aqua:Kitware/CMake"."platforms.macos-x64"]
checksum = "sha256:5bd933daf6e9234a53a9a43092746993870d9f162b6c399fd6e4a05cdd475e67"
url = "https://github.com/Kitware/CMake/releases/download/v4.3.0/cmake-4.3.0-macos-universal.tar.gz"

[tools."aqua:Kitware/CMake"."platforms.windows-x64"]
checksum = "sha256:0f664f44eeb5b35b77f83e0984459c0dfa70539bd215c54ae1059604fd4f77ea"
url = "https://github.com/Kitware/CMake/releases/download/v4.3.0/cmake-4.3.0-windows-x86_64.zip"

[[tools."cargo:cargo-aur"]]
version = "1.7.1"
backend = "cargo:cargo-aur"

[[tools."cargo:cargo-deb"]]
version = "3.6.3"
backend = "cargo:cargo-deb"

[[tools."cargo:cargo-rpm"]]
version = "0.8.0"
backend = "cargo:cargo-rpm"

[[tools."cargo:cross"]]
version = "0.2.5"
backend = "cargo:cross"

[[tools."cargo:grcov"]]
version = "0.10.7"
backend = "cargo:grcov"

[[tools."github:jgm/pandoc"]]
version = "3.9.0.2"
backend = "github:jgm/pandoc"

[tools."github:jgm/pandoc"."platforms.linux-arm64"]
checksum = "sha256:b6d21e8f9c3b15744f5a7ab40248019157ed7793875dbe0383d4c82ff572b528"
url = "https://github.com/jgm/pandoc/releases/download/3.9.0.2/pandoc-3.9.0.2-linux-arm64.tar.gz"
url_api = "https://api.github.com/repos/jgm/pandoc/releases/assets/377165670"

[tools."github:jgm/pandoc"."platforms.linux-arm64-musl"]
checksum = "sha256:b6d21e8f9c3b15744f5a7ab40248019157ed7793875dbe0383d4c82ff572b528"
url = "https://github.com/jgm/pandoc/releases/download/3.9.0.2/pandoc-3.9.0.2-linux-arm64.tar.gz"
url_api = "https://api.github.com/repos/jgm/pandoc/releases/assets/377165670"

[tools."github:jgm/pandoc"."platforms.linux-x64"]
checksum = "sha256:a69abfababda8a56969a254b09f9553a7be89ddec00d4e0fe9fd585d71a67508"
url = "https://github.com/jgm/pandoc/releases/download/3.9.0.2/pandoc-3.9.0.2-linux-amd64.tar.gz"
url_api = "https://api.github.com/repos/jgm/pandoc/releases/assets/377165366"

[tools."github:jgm/pandoc"."platforms.linux-x64-musl"]
checksum = "sha256:a69abfababda8a56969a254b09f9553a7be89ddec00d4e0fe9fd585d71a67508"
url = "https://github.com/jgm/pandoc/releases/download/3.9.0.2/pandoc-3.9.0.2-linux-amd64.tar.gz"
url_api = "https://api.github.com/repos/jgm/pandoc/releases/assets/377165366"

[tools."github:jgm/pandoc"."platforms.macos-arm64"]
checksum = "sha256:6e9eca844076bcbb599bbeebbba78a70f93b5307782b85c2c272872812c88875"
url = "https://github.com/jgm/pandoc/releases/download/3.9.0.2/pandoc-3.9.0.2-arm64-macOS.zip"
url_api = "https://api.github.com/repos/jgm/pandoc/releases/assets/377165034"

[tools."github:jgm/pandoc"."platforms.macos-x64"]
checksum = "sha256:b9fbceabccbc8f34ac021a50483fc32f8160568d0b4b2c22d81bb29e3054fd82"
url = "https://github.com/jgm/pandoc/releases/download/3.9.0.2/pandoc-3.9.0.2-x86_64-macOS.zip"
url_api = "https://api.github.com/repos/jgm/pandoc/releases/assets/377167038"

[tools."github:jgm/pandoc"."platforms.windows-x64"]
checksum = "sha256:c97542f2800f446e788d9f74237856d995421ad1bb3cc8324286840c5f272d3a"
url = "https://github.com/jgm/pandoc/releases/download/3.9.0.2/pandoc-3.9.0.2-windows-x86_64.zip"
url_api = "https://api.github.com/repos/jgm/pandoc/releases/assets/377166311"

[[tools.node]]
version = "24.13.0"
backend = "core:node"

[tools.node."platforms.linux-arm64"]
checksum = "sha256:0f6d40b94c6a2eb6b4c240ffc8b9fd3ada7ab044c177dd413c06e1ef9a63f081"
url = "https://nodejs.org/dist/v24.13.0/node-v24.13.0-linux-arm64.tar.gz"

[tools.node."platforms.linux-arm64-musl"]
checksum = "sha256:0f6d40b94c6a2eb6b4c240ffc8b9fd3ada7ab044c177dd413c06e1ef9a63f081"
url = "https://nodejs.org/dist/v24.13.0/node-v24.13.0-linux-arm64.tar.gz"

[tools.node."platforms.linux-x64"]
checksum = "sha256:6223aad1a81f9d1e7b682c59d12e2de233f7b4c37475cd40d1c89c42b737ffa8"
url = "https://nodejs.org/dist/v24.13.0/node-v24.13.0-linux-x64.tar.gz"

[tools.node."platforms.linux-x64-musl"]
checksum = "sha256:6223aad1a81f9d1e7b682c59d12e2de233f7b4c37475cd40d1c89c42b737ffa8"
url = "https://nodejs.org/dist/v24.13.0/node-v24.13.0-linux-x64.tar.gz"

[tools.node."platforms.macos-arm64"]
checksum = "sha256:d595961e563fcae057d4a0fb992f175a54d97fcc4a14dc2d474d92ddeea3b9f8"
url = "https://nodejs.org/dist/v24.13.0/node-v24.13.0-darwin-arm64.tar.gz"

[tools.node."platforms.macos-x64"]
checksum = "sha256:6f03c1b48ddbe1b129a6f8038be08e0899f05f17185b4d3e4350180ab669a7f3"
url = "https://nodejs.org/dist/v24.13.0/node-v24.13.0-darwin-x64.tar.gz"

[tools.node."platforms.windows-x64"]
checksum = "sha256:ca2742695be8de44027d71b3f53a4bdb36009b95575fe1ae6f7f0b5ce091cb88"
url = "https://nodejs.org/dist/v24.13.0/node-v24.13.0-win-x64.zip"

[[tools.node]]
version = "25.8.2"
backend = "core:node"

[tools.node."platforms.linux-arm64"]
checksum = "sha256:2f823ecd4f9331d6492fedbe50c5a610be3084521f3a5af146875e00a52f2e63"
url = "https://nodejs.org/dist/v25.8.2/node-v25.8.2-linux-arm64.tar.gz"

[tools.node."platforms.linux-arm64-musl"]
checksum = "sha256:2f823ecd4f9331d6492fedbe50c5a610be3084521f3a5af146875e00a52f2e63"
url = "https://nodejs.org/dist/v25.8.2/node-v25.8.2-linux-arm64.tar.gz"

[tools.node."platforms.linux-x64"]
checksum = "sha256:e06c7069012d40914c57b31157c69d4ce83ea1fe9d63bbb7d26e0509a4535d21"
url = "https://nodejs.org/dist/v25.8.2/node-v25.8.2-linux-x64.tar.gz"

[tools.node."platforms.linux-x64-musl"]
checksum = "sha256:e06c7069012d40914c57b31157c69d4ce83ea1fe9d63bbb7d26e0509a4535d21"
url = "https://nodejs.org/dist/v25.8.2/node-v25.8.2-linux-x64.tar.gz"

[tools.node."platforms.macos-arm64"]
checksum = "sha256:fb8dabfda3232ef90d992e6439824fc3237356c04d182f3fa883bebeef31e871"
url = "https://nodejs.org/dist/v25.8.2/node-v25.8.2-darwin-arm64.tar.gz"

[tools.node."platforms.macos-x64"]
checksum = "sha256:530ffb419789f843215375a65b8fcf4cf010735e99276f512a241a31ba8e5e13"
url = "https://nodejs.org/dist/v25.8.2/node-v25.8.2-darwin-x64.tar.gz"

[tools.node."platforms.windows-x64"]
checksum = "sha256:51815d5b0256b947d27d614de04060fcfdbdb830d2c86e63e6f33dbf7964cca7"
url = "https://nodejs.org/dist/v25.8.2/node-v25.8.2-win-x64.zip"

[[tools.rust]]
version = "1.94.0"
backend = "core:rust"

[[tools.uv]]
version = "0.10.12"
backend = "aqua:astral-sh/uv"

[tools.uv."platforms.linux-arm64"]
checksum = "sha256:55bd1c1c10ec8b95a8c184f5e18b566703c6ab105f0fc118aaa4d748aabf28e4"
url = "https://github.com/astral-sh/uv/releases/download/0.10.12/uv-aarch64-unknown-linux-musl.tar.gz"

[tools.uv."platforms.linux-arm64-musl"]
checksum = "sha256:55bd1c1c10ec8b95a8c184f5e18b566703c6ab105f0fc118aaa4d748aabf28e4"
url = "https://github.com/astral-sh/uv/releases/download/0.10.12/uv-aarch64-unknown-linux-musl.tar.gz"

[tools.uv."platforms.linux-x64"]
checksum = "sha256:adccf40b5d1939a5e0093081ec2307ea24235adf7c2d96b122c561fa37711c46"
url = "https://github.com/astral-sh/uv/releases/download/0.10.12/uv-x86_64-unknown-linux-musl.tar.gz"

[tools.uv."platforms.linux-x64-musl"]
checksum = "sha256:adccf40b5d1939a5e0093081ec2307ea24235adf7c2d96b122c561fa37711c46"
url = "https://github.com/astral-sh/uv/releases/download/0.10.12/uv-x86_64-unknown-linux-musl.tar.gz"

[tools.uv."platforms.macos-arm64"]
checksum = "sha256:ae738b5661a900579ec621d3918c0ef17bdec0da2a8a6d8b161137cd15f25414"
url = "https://github.com/astral-sh/uv/releases/download/0.10.12/uv-aarch64-apple-darwin.tar.gz"

[tools.uv."platforms.macos-x64"]
checksum = "sha256:17443e293f2ae407bb2d8d34b875ebfe0ae01cf1296de5647e69e7b2e2b428f0"
url = "https://github.com/astral-sh/uv/releases/download/0.10.12/uv-x86_64-apple-darwin.tar.gz"

[tools.uv."platforms.windows-x64"]
checksum = "sha256:4c1d55501869b3330d4aabf45ad6024ce2367e0f3af83344395702d272c22e88"
url = "https://github.com/astral-sh/uv/releases/download/0.10.12/uv-x86_64-pc-windows-msvc.zip"

[[tools.uv]]
version = "0.11.1"
backend = "aqua:astral-sh/uv"

[tools.uv."platforms.linux-arm64"]
checksum = "sha256:bd04ffce77ee8d77f39823c13606183581847c2f5dcd704f2ea0f15e376b1a27"
url = "https://github.com/astral-sh/uv/releases/download/0.11.1/uv-aarch64-unknown-linux-musl.tar.gz"

[tools.uv."platforms.linux-arm64-musl"]
checksum = "sha256:bd04ffce77ee8d77f39823c13606183581847c2f5dcd704f2ea0f15e376b1a27"
url = "https://github.com/astral-sh/uv/releases/download/0.11.1/uv-aarch64-unknown-linux-musl.tar.gz"

[tools.uv."platforms.linux-x64"]
checksum = "sha256:4e949471a95b37088a1ff1a585f69abed4d3cd3f921f50709a46b6ba62986d38"
url = "https://github.com/astral-sh/uv/releases/download/0.11.1/uv-x86_64-unknown-linux-musl.tar.gz"

[tools.uv."platforms.linux-x64-musl"]
checksum = "sha256:4e949471a95b37088a1ff1a585f69abed4d3cd3f921f50709a46b6ba62986d38"
url = "https://github.com/astral-sh/uv/releases/download/0.11.1/uv-x86_64-unknown-linux-musl.tar.gz"

[tools.uv."platforms.macos-arm64"]
checksum = "sha256:f7815f739ed5d0e4202e6292acedb8659b9ae7de663d07188d8c6cbd7f96303f"
url = "https://github.com/astral-sh/uv/releases/download/0.11.1/uv-aarch64-apple-darwin.tar.gz"

[tools.uv."platforms.macos-x64"]
checksum = "sha256:2103670e8e949605e51926c7b953923ff6f6befbfb55aee928f5e760c9c910f8"
url = "https://github.com/astral-sh/uv/releases/download/0.11.1/uv-x86_64-apple-darwin.tar.gz"

[tools.uv."platforms.windows-x64"]
checksum = "sha256:6659250cebbd3bb6ee48bcb21a3f0c6656450d63fb97f0f069bcb532bdb688ed"
url = "https://github.com/astral-sh/uv/releases/download/0.11.1/uv-x86_64-pc-windows-msvc.zip"
